
Microsoft Visual Studio Solution File, Format Version 12.00
# Visual Studio 15
VisualStudioVersion = 15.0.28307.106
MinimumVisualStudioVersion = 10.0.40219.1
Project("{9A19103F-16F7-4668-BE54-9A1E7A4F7556}") = "SalesWebMvc", "SalesWebMvc.csproj", "{05A0E2BD-2B6B-4886-A201-E1E8C0E95B05}"
EndProject
Global
	GlobalSection(SolutionConfigurationPlatforms) = preSolution
		Debug|Any CPU = Debug|Any CPU
		Release|Any CPU = Release|Any CPU
	EndGlobalSection
	GlobalSection(ProjectConfigurationPlatforms) = postSolution
		{05A0E2BD-2B6B-4886-A201-E1E8C0E95B05}.Debug|Any CPU.ActiveCfg = Debug|Any CPU
		{05A0E2BD-2B6B-4886-A201-E1E8C0E95B05}.Debug|Any CPU.Build.0 = Debug|Any CPU
		{05A0E2BD-2B6B-4886-A201-E1E8C0E95B05}.Release|Any CPU.ActiveCfg = Release|Any CPU
		{05A0E2BD-2B6B-4886-A201-E1E8C0E95B05}.Release|Any CPU.Build.0 = Release|Any CPU
	EndGlobalSection
	GlobalSection(SolutionProperties) = preSolution
		HideSolutionNode = FALSE
	EndGlobalSection
	GlobalSection(ExtensibilityGlobals) = postSolution
		SolutionGuid = {54FFBC77-F95E-4760-AF9B-2423C42545C2}
	EndGlobalSection
EndGlobal
